
Microsoft Visual Studio Solution File, Format Version 12.00
# Visual Studio 14
VisualStudioVersion = 14.0.25420.1
MinimumVisualStudioVersion = 10.0.40219.1
Project("{2150E333-8FDC-42A3-9474-1A3956D46DE8}") = "src", "src", "{38A41146-02F4-49C1-BA4B-F22A9E4F3A81}"
EndProject
Project("{2150E333-8FDC-42A3-9474-1A3956D46DE8}") = "test", "test", "{52E20DAA-3A7A-4E3E-B7BA-A6E4ADD0AF29}"
EndProject
Project("{8BB2217D-0F2D-49D1-97BC-3654ED321F3B}") = "EnjoyES", "src\EnjoyES\EnjoyES.xproj", "{1A1A9319-437E-4B64-9B7E-11309A52176C}"
EndProject
Project("{8BB2217D-0F2D-49D1-97BC-3654ED321F3B}") = "EnjoyES.UnitTests", "test\EnjoyES.UnitTests\EnjoyES.UnitTests.xproj", "{76327F71-F052-4784-B101-C64FA5FE2AE1}"
EndProject
Global
	GlobalSection(SolutionConfigurationPlatforms) = preSolution
		Debug|Any CPU = Debug|Any CPU
		Release|Any CPU = Release|Any CPU
	EndGlobalSection
	GlobalSection(ProjectConfigurationPlatforms) = postSolution
		{1A1A9319-437E-4B64-9B7E-11309A52176C}.Debug|Any CPU.ActiveCfg = Debug|Any CPU
		{1A1A9319-437E-4B64-9B7E-11309A52176C}.Debug|Any CPU.Build.0 = Debug|Any CPU
		{1A1A9319-437E-4B64-9B7E-11309A52176C}.Release|Any CPU.ActiveCfg = Release|Any CPU
		{1A1A9319-437E-4B64-9B7E-11309A52176C}.Release|Any CPU.Build.0 = Release|Any CPU
		{76327F71-F052-4784-B101-C64FA5FE2AE1}.Debug|Any CPU.ActiveCfg = Debug|Any CPU
		{76327F71-F052-4784-B101-C64FA5FE2AE1}.Debug|Any CPU.Build.0 = Debug|Any CPU
		{76327F71-F052-4784-B101-C64FA5FE2AE1}.Release|Any CPU.ActiveCfg = Release|Any CPU
		{76327F71-F052-4784-B101-C64FA5FE2AE1}.Release|Any CPU.Build.0 = Release|Any CPU
	EndGlobalSection
	GlobalSection(SolutionProperties) = preSolution
		HideSolutionNode = FALSE
	EndGlobalSection
	GlobalSection(NestedProjects) = preSolution
		{1A1A9319-437E-4B64-9B7E-11309A52176C} = {38A41146-02F4-49C1-BA4B-F22A9E4F3A81}
		{76327F71-F052-4784-B101-C64FA5FE2AE1} = {52E20DAA-3A7A-4E3E-B7BA-A6E4ADD0AF29}
	EndGlobalSection
EndGlobal
